
Microsoft Visual Studio Solution File, Format Version 12.00
# Visual Studio 15
VisualStudioVersion = 15.0.28307.421
MinimumVisualStudioVersion = 10.0.40219.1
Project("{FAE04EC0-301F-11D3-BF4B-00C04F79EFBC}") = "DimensionManager", "DimensionManager.csproj", "{EE481181-A880-415C-8E3D-9852A9495C5F}"
EndProject
Global
	GlobalSection(SolutionConfigurationPlatforms) = preSolution
		Debug|Any CPU = Debug|Any CPU
		Release|Any CPU = Release|Any CPU
	EndGlobalSection
	GlobalSection(ProjectConfigurationPlatforms) = postSolution
		{EE481181-A880-415C-8E3D-9852A9495C5F}.Debug|Any CPU.ActiveCfg = Debug|Any CPU
		{EE481181-A880-415C-8E3D-9852A9495C5F}.Debug|Any CPU.Build.0 = Debug|Any CPU
		{EE481181-A880-415C-8E3D-9852A9495C5F}.Release|Any CPU.ActiveCfg = Release|Any CPU
		{EE481181-A880-415C-8E3D-9852A9495C5F}.Release|Any CPU.Build.0 = Release|Any CPU
	EndGlobalSection
	GlobalSection(SolutionProperties) = preSolution
		HideSolutionNode = FALSE
	EndGlobalSection
	GlobalSection(ExtensibilityGlobals) = postSolution
		SolutionGuid = {D8723614-E9E6-46E9-AAA2-B474E17AC91D}
	EndGlobalSection
EndGlobal
